
Microsoft Visual Studio Solution File, Format Version 12.00
# Visual Studio 15
VisualStudioVersion = 15.0.27130.2036
MinimumVisualStudioVersion = 10.0.40219.1
Project("{FAE04EC0-301F-11D3-BF4B-00C04F79EFBC}") = "WPF First Application 27.02.2018", "WPF First Application 27.02.2018\WPF First Application 27.02.2018.csproj", "{6E165736-6FB7-43D9-8867-03A486885382}"
EndProject
Project("{FAE04EC0-301F-11D3-BF4B-00C04F79EFBC}") = "WPF List", "WPF List\WPF List.csproj", "{B1A8B7E8-F63B-491C-A597-5BDFE2A7495B}"
EndProject
Project("{FAE04EC0-301F-11D3-BF4B-00C04F79EFBC}") = "Human List", "Human List\Human List.csproj", "{8E293A6A-3E15-4A82-88D2-4EE37A7A237F}"
EndProject
Global
	GlobalSection(SolutionConfigurationPlatforms) = preSolution
		Debug|Any CPU = Debug|Any CPU
		Release|Any CPU = Release|Any CPU
	EndGlobalSection
	GlobalSection(ProjectConfigurationPlatforms) = postSolution
		{6E165736-6FB7-43D9-8867-03A486885382}.Debug|Any CPU.ActiveCfg = Debug|Any CPU
		{6E165736-6FB7-43D9-8867-03A486885382}.Debug|Any CPU.Build.0 = Debug|Any CPU
		{6E165736-6FB7-43D9-8867-03A486885382}.Release|Any CPU.ActiveCfg = Release|Any CPU
		{6E165736-6FB7-43D9-8867-03A486885382}.Release|Any CPU.Build.0 = Release|Any CPU
		{B1A8B7E8-F63B-491C-A597-5BDFE2A7495B}.Debug|Any CPU.ActiveCfg = Debug|Any CPU
		{B1A8B7E8-F63B-491C-A597-5BDFE2A7495B}.Debug|Any CPU.Build.0 = Debug|Any CPU
		{B1A8B7E8-F63B-491C-A597-5BDFE2A7495B}.Release|Any CPU.ActiveCfg = Release|Any CPU
		{B1A8B7E8-F63B-491C-A597-5BDFE2A7495B}.Release|Any CPU.Build.0 = Release|Any CPU
		{8E293A6A-3E15-4A82-88D2-4EE37A7A237F}.Debug|Any CPU.ActiveCfg = Debug|Any CPU
		{8E293A6A-3E15-4A82-88D2-4EE37A7A237F}.Debug|Any CPU.Build.0 = Debug|Any CPU
		{8E293A6A-3E15-4A82-88D2-4EE37A7A237F}.Release|Any CPU.ActiveCfg = Release|Any CPU
		{8E293A6A-3E15-4A82-88D2-4EE37A7A237F}.Release|Any CPU.Build.0 = Release|Any CPU
	EndGlobalSection
	GlobalSection(SolutionProperties) = preSolution
		HideSolutionNode = FALSE
	EndGlobalSection
	GlobalSection(ExtensibilityGlobals) = postSolution
		SolutionGuid = {5892B054-C00E-4B99-96A3-1FBDBA759B22}
	EndGlobalSection
EndGlobal
